// !$*UTF8*$!
{
	archiveVersion = 1;
	classes = {
	};
	objectVersion = 46;
	objects = {

/* Begin PBXBuildFile section */
		1E7C8670FBD451AD06391C03 /* Pods_OhMyBoxTests.framework in Frameworks */ = {isa = PBXBuildFile; fileRef = EF092584CA45C98DDD2FE4E6 /* Pods_OhMyBoxTests.framework */; };
		2F044CE51DBE3BD300B54468 /* DetailProductViewController.swift in Sources */ = {isa = PBXBuildFile; fileRef = 2F044CE41DBE3BD300B54468 /* DetailProductViewController.swift */; };
		2F044CE71DBE41D600B54468 /* coatProduct.png in Resources */ = {isa = PBXBuildFile; fileRef = 2F044CE61DBE41D600B54468 /* coatProduct.png */; };
		2F044CEA1DBE43D100B54468 /* DetailProudctTableViewCell.swift in Sources */ = {isa = PBXBuildFile; fileRef = 2F044CE91DBE43D100B54468 /* DetailProudctTableViewCell.swift */; };
		2F0777401DBD1BED003C124F /* RecommendedViewController.swift in Sources */ = {isa = PBXBuildFile; fileRef = 2F07773F1DBD1BED003C124F /* RecommendedViewController.swift */; };
		2F0777421DBD2EA9003C124F /* HeaderRecommendedTableViewCell.swift in Sources */ = {isa = PBXBuildFile; fileRef = 2F0777411DBD2EA9003C124F /* HeaderRecommendedTableViewCell.swift */; };
		2F0777441DBD368E003C124F /* dressImage.png in Resources */ = {isa = PBXBuildFile; fileRef = 2F0777431DBD368E003C124F /* dressImage.png */; };
		2F0777471DBD8FBF003C124F /* MeasuresUserTableViewCell.swift in Sources */ = {isa = PBXBuildFile; fileRef = 2F0777451DBD8FBF003C124F /* MeasuresUserTableViewCell.swift */; };
		2F0777481DBD8FBF003C124F /* MeasuresUserTableViewCell.xib in Resources */ = {isa = PBXBuildFile; fileRef = 2F0777461DBD8FBF003C124F /* MeasuresUserTableViewCell.xib */; };
		2F07774B1DBD9B95003C124F /* SimpleTextTableViewCell.swift in Sources */ = {isa = PBXBuildFile; fileRef = 2F0777491DBD9B95003C124F /* SimpleTextTableViewCell.swift */; };
		2F07774C1DBD9B95003C124F /* SimpleTextTableViewCell.xib in Resources */ = {isa = PBXBuildFile; fileRef = 2F07774A1DBD9B95003C124F /* SimpleTextTableViewCell.xib */; };
		2F07774F1DBDAE0D003C124F /* TermTableViewCell.swift in Sources */ = {isa = PBXBuildFile; fileRef = 2F07774D1DBDAE0D003C124F /* TermTableViewCell.swift */; };
		2F0777501DBDAE0D003C124F /* TermTableViewCell.xib in Resources */ = {isa = PBXBuildFile; fileRef = 2F07774E1DBDAE0D003C124F /* TermTableViewCell.xib */; };
		2F225CFA1DBEE8A3009E4566 /* ColorCollectionViewCell.swift in Sources */ = {isa = PBXBuildFile; fileRef = 2F225CF91DBEE8A3009E4566 /* ColorCollectionViewCell.swift */; };
		2F225CFC1DBEFA5E009E4566 /* ContainerCollectionView.xib in Resources */ = {isa = PBXBuildFile; fileRef = 2F225CFB1DBEFA5E009E4566 /* ContainerCollectionView.xib */; };
		2F225CFE1DBEFC36009E4566 /* ContainerCollectionView.swift in Sources */ = {isa = PBXBuildFile; fileRef = 2F225CFD1DBEFC36009E4566 /* ContainerCollectionView.swift */; };
		2F225D001DBEFEE7009E4566 /* AttributesTableViewCell.swift in Sources */ = {isa = PBXBuildFile; fileRef = 2F225CFF1DBEFEE7009E4566 /* AttributesTableViewCell.swift */; };
		2F225D021DBF04E4009E4566 /* UIview+Util.swift in Sources */ = {isa = PBXBuildFile; fileRef = 2F225D011DBF04E4009E4566 /* UIview+Util.swift */; };
		2F225D041DBF04F2009E4566 /* UIColor+Util.swift in Sources */ = {isa = PBXBuildFile; fileRef = 2F225D031DBF04F2009E4566 /* UIColor+Util.swift */; };
		2F225D071DBF05A0009E4566 /* Colour.swift in Sources */ = {isa = PBXBuildFile; fileRef = 2F225D061DBF05A0009E4566 /* Colour.swift */; };
		2F225D0C1DBFE8FA009E4566 /* SizeProductTableViewCell.swift in Sources */ = {isa = PBXBuildFile; fileRef = 2F225D0B1DBFE8FA009E4566 /* SizeProductTableViewCell.swift */; };
		2F225D0E1DBFEB8F009E4566 /* SizeProductCollectionViewCell.swift in Sources */ = {isa = PBXBuildFile; fileRef = 2F225D0D1DBFEB8F009E4566 /* SizeProductCollectionViewCell.swift */; };
		2F46496A1DB93E5E0021516F /* fashion-person.png in Resources */ = {isa = PBXBuildFile; fileRef = 2F4649691DB93E5E0021516F /* fashion-person.png */; };
		2F46496C1DB942840021516F /* SegmentTableViewCell.swift in Sources */ = {isa = PBXBuildFile; fileRef = 2F46496B1DB942840021516F /* SegmentTableViewCell.swift */; };
		2F4896DF1DB72C3900EADFFE /* PromotionTableViewCell.swift in Sources */ = {isa = PBXBuildFile; fileRef = 2F4896DD1DB72C3900EADFFE /* PromotionTableViewCell.swift */; };
		2F4896E01DB72C3900EADFFE /* PromotionTableViewCell.xib in Resources */ = {isa = PBXBuildFile; fileRef = 2F4896DE1DB72C3900EADFFE /* PromotionTableViewCell.xib */; };
		2F4896E21DB72D0000EADFFE /* defaultWomanImage.png in Resources */ = {isa = PBXBuildFile; fileRef = 2F4896E11DB72D0000EADFFE /* defaultWomanImage.png */; };
		2F4896E41DB73F2200EADFFE /* WishViewController.swift in Sources */ = {isa = PBXBuildFile; fileRef = 2F4896E31DB73F2200EADFFE /* WishViewController.swift */; };
		2F4896E71DB7438A00EADFFE /* WishTableViewCell.swift in Sources */ = {isa = PBXBuildFile; fileRef = 2F4896E51DB7438A00EADFFE /* WishTableViewCell.swift */; };
		2F4896E81DB7438A00EADFFE /* WishTableViewCell.xib in Resources */ = {isa = PBXBuildFile; fileRef = 2F4896E61DB7438A00EADFFE /* WishTableViewCell.xib */; };
		2F4896EA1DB7486700EADFFE /* defaultGloes.png in Resources */ = {isa = PBXBuildFile; fileRef = 2F4896E91DB7486700EADFFE /* defaultGloes.png */; };
		2F4896F21DB7E9FE00EADFFE /* Axis Extrabold.otf in Resources */ = {isa = PBXBuildFile; fileRef = 2F4896EF1DB7E99B00EADFFE /* Axis Extrabold.otf */; };
		2F4896F31DB7EA0000EADFFE /* Muli-Light.ttf in Resources */ = {isa = PBXBuildFile; fileRef = 2F4896F01DB7E9A400EADFFE /* Muli-Light.ttf */; };
		2F4896F41DB7EA0300EADFFE /* Muli-Regular.ttf in Resources */ = {isa = PBXBuildFile; fileRef = 2F4896F11DB7E9A400EADFFE /* Muli-Regular.ttf */; };
		2F4896F61DB7F83100EADFFE /* ProfileViewController.swift in Sources */ = {isa = PBXBuildFile; fileRef = 2F4896F51DB7F83100EADFFE /* ProfileViewController.swift */; };
		2F4896F81DB80BDB00EADFFE /* PhotoProfileTableViewCell.swift in Sources */ = {isa = PBXBuildFile; fileRef = 2F4896F71DB80BDB00EADFFE /* PhotoProfileTableViewCell.swift */; };
		2F5DE1C21DC1386700822826 /* SwitchProductButtonTableViewCell.swift in Sources */ = {isa = PBXBuildFile; fileRef = 2F5DE1C11DC1386700822826 /* SwitchProductButtonTableViewCell.swift */; };
		2F5DE1C91DC13F1400822826 /* SimpleTextViewTableViewCell.swift in Sources */ = {isa = PBXBuildFile; fileRef = 2F5DE1C71DC13F1400822826 /* SimpleTextViewTableViewCell.swift */; };
		2F5DE1CA1DC13F1400822826 /* SimpleTextViewTableViewCell.xib in Resources */ = {isa = PBXBuildFile; fileRef = 2F5DE1C81DC13F1400822826 /* SimpleTextViewTableViewCell.xib */; };
		2F5DE1CD1DC2966D00822826 /* ContentStoreTableViewCell.swift in Sources */ = {isa = PBXBuildFile; fileRef = 2F5DE1CB1DC2966D00822826 /* ContentStoreTableViewCell.swift */; };
		2F5DE1CE1DC2966D00822826 /* ContentStoreTableViewCell.xib in Resources */ = {isa = PBXBuildFile; fileRef = 2F5DE1CC1DC2966D00822826 /* ContentStoreTableViewCell.xib */; };
		2F5DE1D01DC2ED3300822826 /* storeDefault.png in Resources */ = {isa = PBXBuildFile; fileRef = 2F5DE1CF1DC2ED3300822826 /* storeDefault.png */; };
		2F70E8021DC7B985000AB03B /* ShoppingBox.storyboard in Resources */ = {isa = PBXBuildFile; fileRef = 2F70E8011DC7B985000AB03B /* ShoppingBox.storyboard */; };
		2F70E8041DC7B9AC000AB03B /* ShoppingBoxViewController.swift in Sources */ = {isa = PBXBuildFile; fileRef = 2F70E8031DC7B9AC000AB03B /* ShoppingBoxViewController.swift */; };
		2F70E80C1DC7C502000AB03B /* ShoppingBoxTableViewCell.swift in Sources */ = {isa = PBXBuildFile; fileRef = 2F70E80A1DC7C502000AB03B /* ShoppingBoxTableViewCell.swift */; };
		2F70E80D1DC7C502000AB03B /* ShoppingBoxTableViewCell.xib in Resources */ = {isa = PBXBuildFile; fileRef = 2F70E80B1DC7C502000AB03B /* ShoppingBoxTableViewCell.xib */; };
		2F8460631DBA79AB002D25FE /* DataUserTextFieldTableViewCell.swift in Sources */ = {isa = PBXBuildFile; fileRef = 2F8460611DBA79AB002D25FE /* DataUserTextFieldTableViewCell.swift */; };
		2F8460641DBA79AB002D25FE /* DataUserTextFieldTableViewCell.xib in Resources */ = {isa = PBXBuildFile; fileRef = 2F8460621DBA79AB002D25FE /* DataUserTextFieldTableViewCell.xib */; };
		2FAD48C11DB6FE2C00074D55 /* ShowProductCollectionViewCell.xib in Resources */ = {isa = PBXBuildFile; fileRef = 2FAD48C01DB6FE2C00074D55 /* ShowProductCollectionViewCell.xib */; };
		2FAD48C31DB6FE3400074D55 /* ShowProductCollectionViewCell.swift in Sources */ = {isa = PBXBuildFile; fileRef = 2FAD48C21DB6FE3300074D55 /* ShowProductCollectionViewCell.swift */; };
		2FAD48C51DB6FE4C00074D55 /* productDefaultimage.png in Resources */ = {isa = PBXBuildFile; fileRef = 2FAD48C41DB6FE4C00074D55 /* productDefaultimage.png */; };
		2FAD48C71DB7031300074D55 /* ProductTableViewCell.swift in Sources */ = {isa = PBXBuildFile; fileRef = 2FAD48C61DB7031300074D55 /* ProductTableViewCell.swift */; };
		A4F89AFD1DA806C900949A35 /* AppDelegate.swift in Sources */ = {isa = PBXBuildFile; fileRef = A4F89AFC1DA806C900949A35 /* AppDelegate.swift */; };
		A4F89AFF1DA806C900949A35 /* ViewController.swift in Sources */ = {isa = PBXBuildFile; fileRef = A4F89AFE1DA806C900949A35 /* ViewController.swift */; };
		A4F89B021DA806C900949A35 /* Main.storyboard in Resources */ = {isa = PBXBuildFile; fileRef = A4F89B001DA806C900949A35 /* Main.storyboard */; };
		A4F89B041DA806C900949A35 /* Assets.xcassets in Resources */ = {isa = PBXBuildFile; fileRef = A4F89B031DA806C900949A35 /* Assets.xcassets */; };
		A4F89B071DA806C900949A35 /* LaunchScreen.storyboard in Resources */ = {isa = PBXBuildFile; fileRef = A4F89B051DA806C900949A35 /* LaunchScreen.storyboard */; };
		A4F89B121DA806C900949A35 /* OhMyBoxTests.swift in Sources */ = {isa = PBXBuildFile; fileRef = A4F89B111DA806C900949A35 /* OhMyBoxTests.swift */; };
		A8BD14BCA7DC790910C4E485 /* Pods_OhMyBox.framework in Frameworks */ = {isa = PBXBuildFile; fileRef = C8100773A4B12C234FA1527F /* Pods_OhMyBox.framework */; };
		D402DFF91DB68C7F007855D6 /* Home.storyboard in Resources */ = {isa = PBXBuildFile; fileRef = D402DFF81DB68C7F007855D6 /* Home.storyboard */; };
		D402DFFF1DB68CAD007855D6 /* Brand.storyboard in Resources */ = {isa = PBXBuildFile; fileRef = D402DFFE1DB68CAD007855D6 /* Brand.storyboard */; };
		D402E0051DB68CE5007855D6 /* Wishlist.storyboard in Resources */ = {isa = PBXBuildFile; fileRef = D402E0041DB68CE5007855D6 /* Wishlist.storyboard */; };
		D402E00A1DB68D10007855D6 /* Profile.storyboard in Resources */ = {isa = PBXBuildFile; fileRef = D402E0091DB68D10007855D6 /* Profile.storyboard */; };
		D402E00F1DB68D2A007855D6 /* Login.storyboard in Resources */ = {isa = PBXBuildFile; fileRef = D402E00E1DB68D2A007855D6 /* Login.storyboard */; };
		D402E0111DB69541007855D6 /* HomeViewController.swift in Sources */ = {isa = PBXBuildFile; fileRef = D402E0101DB69541007855D6 /* HomeViewController.swift */; };
		D402E01A1DB69944007855D6 /* ClosetTableViewCell.swift in Sources */ = {isa = PBXBuildFile; fileRef = D402E0181DB69944007855D6 /* ClosetTableViewCell.swift */; };
		D402E0201DB69FDC007855D6 /* ShowCaseCollectionViewCell.swift in Sources */ = {isa = PBXBuildFile; fileRef = D402E01E1DB69FDC007855D6 /* ShowCaseCollectionViewCell.swift */; };
		D402E0211DB69FDC007855D6 /* ShowCaseCollectionViewCell.xib in Resources */ = {isa = PBXBuildFile; fileRef = D402E01F1DB69FDC007855D6 /* ShowCaseCollectionViewCell.xib */; };
		D457D72E1DC3F43F00443B63 /* BrandViewController.swift in Sources */ = {isa = PBXBuildFile; fileRef = D457D72D1DC3F43F00443B63 /* BrandViewController.swift */; };
		D457D7301DC3F60900443B63 /* TagView2.xib in Resources */ = {isa = PBXBuildFile; fileRef = D457D72F1DC3F60900443B63 /* TagView2.xib */; };
		D457D7321DC3F64900443B63 /* TagView2.swift in Sources */ = {isa = PBXBuildFile; fileRef = D457D7311DC3F64900443B63 /* TagView2.swift */; };
		D4AE07761DB6DDF800D2F2BA /* HeaderTitleTableViewCell.swift in Sources */ = {isa = PBXBuildFile; fileRef = D4AE07741DB6DDF800D2F2BA /* HeaderTitleTableViewCell.swift */; };
		D4AE07771DB6DDF800D2F2BA /* HeaderTitleTableViewCell.xib in Resources */ = {isa = PBXBuildFile; fileRef = D4AE07751DB6DDF800D2F2BA /* HeaderTitleTableViewCell.xib */; };
		D4C0D6581DB6AA6C007C3113 /* jacketImage.png in Resources */ = {isa = PBXBuildFile; fileRef = D4C0D6541DB6AA6C007C3113 /* jacketImage.png */; };
		D4C0D65A1DB6AA6C007C3113 /* shoesImage.png in Resources */ = {isa = PBXBuildFile; fileRef = D4C0D6561DB6AA6C007C3113 /* shoesImage.png */; };
		D4C0D65C1DB6AF2C007C3113 /* TagView.xib in Resources */ = {isa = PBXBuildFile; fileRef = D4C0D65B1DB6AF2C007C3113 /* TagView.xib */; };
		D4C0D65E1DB6B1F2007C3113 /* TagView.swift in Sources */ = {isa = PBXBuildFile; fileRef = D4C0D65D1DB6B1F2007C3113 /* TagView.swift */; };
		D4C0D6651DB6B32E007C3113 /* UIView+Animations.swift in Sources */ = {isa = PBXBuildFile; fileRef = D4C0D6601DB6B32E007C3113 /* UIView+Animations.swift */; };
		D4C0D6661DB6B32E007C3113 /* UIViewExtension.swift in Sources */ = {isa = PBXBuildFile; fileRef = D4C0D6611DB6B32E007C3113 /* UIViewExtension.swift */; };
		D4C0D6671DB6B32E007C3113 /* TextFieldExtension.swift in Sources */ = {isa = PBXBuildFile; fileRef = D4C0D6621DB6B32E007C3113 /* TextFieldExtension.swift */; };
		D4C0D6681DB6B32E007C3113 /* UIColorExtension.swift in Sources */ = {isa = PBXBuildFile; fileRef = D4C0D6631DB6B32E007C3113 /* UIColorExtension.swift */; };
		D4C0D6691DB6B32E007C3113 /* ViewUtil.swift in Sources */ = {isa = PBXBuildFile; fileRef = D4C0D6641DB6B32E007C3113 /* ViewUtil.swift */; };
/* End PBXBuildFile section */

/* Begin PBXContainerItemProxy section */
		A4F89B0E1DA806C900949A35 /* PBXContainerItemProxy */ = {
			isa = PBXContainerItemProxy;
			containerPortal = A4F89AF11DA806C900949A35 /* Project object */;
			proxyType = 1;
			remoteGlobalIDString = A4F89AF81DA806C900949A35;
			remoteInfo = OhMyBox;
		};
/* End PBXContainerItemProxy section */

/* Begin PBXFileReference section */
		2F044CE41DBE3BD300B54468 /* DetailProductViewController.swift */ = {isa = PBXFileReference; fileEncoding = 4; lastKnownFileType = sourcecode.swift; path = DetailProductViewController.swift; sourceTree = "<group>"; };
		2F044CE61DBE41D600B54468 /* coatProduct.png */ = {isa = PBXFileReference; lastKnownFileType = image.png; path = coatProduct.png; sourceTree = "<group>"; };
		2F044CE91DBE43D100B54468 /* DetailProudctTableViewCell.swift */ = {isa = PBXFileReference; fileEncoding = 4; lastKnownFileType = sourcecode.swift; path = DetailProudctTableViewCell.swift; sourceTree = "<group>"; };
		2F07773F1DBD1BED003C124F /* RecommendedViewController.swift */ = {isa = PBXFileReference; fileEncoding = 4; lastKnownFileType = sourcecode.swift; path = RecommendedViewController.swift; sourceTree = "<group>"; };
		2F0777411DBD2EA9003C124F /* HeaderRecommendedTableViewCell.swift */ = {isa = PBXFileReference; fileEncoding = 4; lastKnownFileType = sourcecode.swift; path = HeaderRecommendedTableViewCell.swift; sourceTree = "<group>"; };
		2F0777431DBD368E003C124F /* dressImage.png */ = {isa = PBXFileReference; lastKnownFileType = image.png; path = dressImage.png; sourceTree = "<group>"; };
		2F0777451DBD8FBF003C124F /* MeasuresUserTableViewCell.swift */ = {isa = PBXFileReference; fileEncoding = 4; lastKnownFileType = sourcecode.swift; path = MeasuresUserTableViewCell.swift; sourceTree = "<group>"; };
		2F0777461DBD8FBF003C124F /* MeasuresUserTableViewCell.xib */ = {isa = PBXFileReference; fileEncoding = 4; lastKnownFileType = file.xib; path = MeasuresUserTableViewCell.xib; sourceTree = "<group>"; };
		2F0777491DBD9B95003C124F /* SimpleTextTableViewCell.swift */ = {isa = PBXFileReference; fileEncoding = 4; lastKnownFileType = sourcecode.swift; path = SimpleTextTableViewCell.swift; sourceTree = "<group>"; };
		2F07774A1DBD9B95003C124F /* SimpleTextTableViewCell.xib */ = {isa = PBXFileReference; fileEncoding = 4; lastKnownFileType = file.xib; path = SimpleTextTableViewCell.xib; sourceTree = "<group>"; };
		2F07774D1DBDAE0D003C124F /* TermTableViewCell.swift */ = {isa = PBXFileReference; fileEncoding = 4; lastKnownFileType = sourcecode.swift; path = TermTableViewCell.swift; sourceTree = "<group>"; };
		2F07774E1DBDAE0D003C124F /* TermTableViewCell.xib */ = {isa = PBXFileReference; fileEncoding = 4; lastKnownFileType = file.xib; path = TermTableViewCell.xib; sourceTree = "<group>"; };
		2F225CF91DBEE8A3009E4566 /* ColorCollectionViewCell.swift */ = {isa = PBXFileReference; fileEncoding = 4; lastKnownFileType = sourcecode.swift; path = ColorCollectionViewCell.swift; sourceTree = "<group>"; };
		2F225CFB1DBEFA5E009E4566 /* ContainerCollectionView.xib */ = {isa = PBXFileReference; fileEncoding = 4; lastKnownFileType = file.xib; path = ContainerCollectionView.xib; sourceTree = "<group>"; };
		2F225CFD1DBEFC36009E4566 /* ContainerCollectionView.swift */ = {isa = PBXFileReference; fileEncoding = 4; lastKnownFileType = sourcecode.swift; path = ContainerCollectionView.swift; sourceTree = "<group>"; };
		2F225CFF1DBEFEE7009E4566 /* AttributesTableViewCell.swift */ = {isa = PBXFileReference; fileEncoding = 4; lastKnownFileType = sourcecode.swift; path = AttributesTableViewCell.swift; sourceTree = "<group>"; };
		2F225D011DBF04E4009E4566 /* UIview+Util.swift */ = {isa = PBXFileReference; fileEncoding = 4; lastKnownFileType = sourcecode.swift; path = "UIview+Util.swift"; sourceTree = "<group>"; };
		2F225D031DBF04F2009E4566 /* UIColor+Util.swift */ = {isa = PBXFileReference; fileEncoding = 4; lastKnownFileType = sourcecode.swift; path = "UIColor+Util.swift"; sourceTree = "<group>"; };
		2F225D061DBF05A0009E4566 /* Colour.swift */ = {isa = PBXFileReference; fileEncoding = 4; lastKnownFileType = sourcecode.swift; path = Colour.swift; sourceTree = "<group>"; };
		2F225D0B1DBFE8FA009E4566 /* SizeProductTableViewCell.swift */ = {isa = PBXFileReference; fileEncoding = 4; lastKnownFileType = sourcecode.swift; path = SizeProductTableViewCell.swift; sourceTree = "<group>"; };
		2F225D0D1DBFEB8F009E4566 /* SizeProductCollectionViewCell.swift */ = {isa = PBXFileReference; fileEncoding = 4; lastKnownFileType = sourcecode.swift; path = SizeProductCollectionViewCell.swift; sourceTree = "<group>"; };
		2F4649691DB93E5E0021516F /* fashion-person.png */ = {isa = PBXFileReference; lastKnownFileType = image.png; path = "fashion-person.png"; sourceTree = "<group>"; };
		2F46496B1DB942840021516F /* SegmentTableViewCell.swift */ = {isa = PBXFileReference; fileEncoding = 4; lastKnownFileType = sourcecode.swift; path = SegmentTableViewCell.swift; sourceTree = "<group>"; };
		2F4896DD1DB72C3900EADFFE /* PromotionTableViewCell.swift */ = {isa = PBXFileReference; fileEncoding = 4; lastKnownFileType = sourcecode.swift; path = PromotionTableViewCell.swift; sourceTree = "<group>"; };
		2F4896DE1DB72C3900EADFFE /* PromotionTableViewCell.xib */ = {isa = PBXFileReference; fileEncoding = 4; lastKnownFileType = file.xib; path = PromotionTableViewCell.xib; sourceTree = "<group>"; };
		2F4896E11DB72D0000EADFFE /* defaultWomanImage.png */ = {isa = PBXFileReference; lastKnownFileType = image.png; path = defaultWomanImage.png; sourceTree = "<group>"; };
		2F4896E31DB73F2200EADFFE /* WishViewController.swift */ = {isa = PBXFileReference; fileEncoding = 4; lastKnownFileType = sourcecode.swift; path = WishViewController.swift; sourceTree = "<group>"; };
		2F4896E51DB7438A00EADFFE /* WishTableViewCell.swift */ = {isa = PBXFileReference; fileEncoding = 4; lastKnownFileType = sourcecode.swift; path = WishTableViewCell.swift; sourceTree = "<group>"; };
		2F4896E61DB7438A00EADFFE /* WishTableViewCell.xib */ = {isa = PBXFileReference; fileEncoding = 4; lastKnownFileType = file.xib; path = WishTableViewCell.xib; sourceTree = "<group>"; };
		2F4896E91DB7486700EADFFE /* defaultGloes.png */ = {isa = PBXFileReference; lastKnownFileType = image.png; path = defaultGloes.png; sourceTree = "<group>"; };
		2F4896EF1DB7E99B00EADFFE /* Axis Extrabold.otf */ = {isa = PBXFileReference; lastKnownFileType = file; path = "Axis Extrabold.otf"; sourceTree = "<group>"; };
		2F4896F01DB7E9A400EADFFE /* Muli-Light.ttf */ = {isa = PBXFileReference; lastKnownFileType = file; path = "Muli-Light.ttf"; sourceTree = "<group>"; };
		2F4896F11DB7E9A400EADFFE /* Muli-Regular.ttf */ = {isa = PBXFileReference; lastKnownFileType = file; path = "Muli-Regular.ttf"; sourceTree = "<group>"; };
		2F4896F51DB7F83100EADFFE /* ProfileViewController.swift */ = {isa = PBXFileReference; fileEncoding = 4; lastKnownFileType = sourcecode.swift; path = ProfileViewController.swift; sourceTree = "<group>"; };
		2F4896F71DB80BDB00EADFFE /* PhotoProfileTableViewCell.swift */ = {isa = PBXFileReference; fileEncoding = 4; lastKnownFileType = sourcecode.swift; path = PhotoProfileTableViewCell.swift; sourceTree = "<group>"; };
		2F5DE1C11DC1386700822826 /* SwitchProductButtonTableViewCell.swift */ = {isa = PBXFileReference; fileEncoding = 4; lastKnownFileType = sourcecode.swift; path = SwitchProductButtonTableViewCell.swift; sourceTree = "<group>"; };
		2F5DE1C71DC13F1400822826 /* SimpleTextViewTableViewCell.swift */ = {isa = PBXFileReference; fileEncoding = 4; lastKnownFileType = sourcecode.swift; path = SimpleTextViewTableViewCell.swift; sourceTree = "<group>"; };
		2F5DE1C81DC13F1400822826 /* SimpleTextViewTableViewCell.xib */ = {isa = PBXFileReference; fileEncoding = 4; lastKnownFileType = file.xib; path = SimpleTextViewTableViewCell.xib; sourceTree = "<group>"; };
		2F5DE1CB1DC2966D00822826 /* ContentStoreTableViewCell.swift */ = {isa = PBXFileReference; fileEncoding = 4; lastKnownFileType = sourcecode.swift; path = ContentStoreTableViewCell.swift; sourceTree = "<group>"; };
		2F5DE1CC1DC2966D00822826 /* ContentStoreTableViewCell.xib */ = {isa = PBXFileReference; fileEncoding = 4; lastKnownFileType = file.xib; path = ContentStoreTableViewCell.xib; sourceTree = "<group>"; };
		2F5DE1CF1DC2ED3300822826 /* storeDefault.png */ = {isa = PBXFileReference; lastKnownFileType = image.png; path = storeDefault.png; sourceTree = "<group>"; };
		2F70E8011DC7B985000AB03B /* ShoppingBox.storyboard */ = {isa = PBXFileReference; fileEncoding = 4; lastKnownFileType = file.storyboard; path = ShoppingBox.storyboard; sourceTree = "<group>"; };
		2F70E8031DC7B9AC000AB03B /* ShoppingBoxViewController.swift */ = {isa = PBXFileReference; fileEncoding = 4; lastKnownFileType = sourcecode.swift; path = ShoppingBoxViewController.swift; sourceTree = "<group>"; };
		2F70E80A1DC7C502000AB03B /* ShoppingBoxTableViewCell.swift */ = {isa = PBXFileReference; fileEncoding = 4; lastKnownFileType = sourcecode.swift; path = ShoppingBoxTableViewCell.swift; sourceTree = "<group>"; };
		2F70E80B1DC7C502000AB03B /* ShoppingBoxTableViewCell.xib */ = {isa = PBXFileReference; fileEncoding = 4; lastKnownFileType = file.xib; path = ShoppingBoxTableViewCell.xib; sourceTree = "<group>"; };
		2F8460611DBA79AB002D25FE /* DataUserTextFieldTableViewCell.swift */ = {isa = PBXFileReference; fileEncoding = 4; lastKnownFileType = sourcecode.swift; path = DataUserTextFieldTableViewCell.swift; sourceTree = "<group>"; };
		2F8460621DBA79AB002D25FE /* DataUserTextFieldTableViewCell.xib */ = {isa = PBXFileReference; fileEncoding = 4; lastKnownFileType = file.xib; path = DataUserTextFieldTableViewCell.xib; sourceTree = "<group>"; };
		2FAD48C01DB6FE2C00074D55 /* ShowProductCollectionViewCell.xib */ = {isa = PBXFileReference; fileEncoding = 4; lastKnownFileType = file.xib; path = ShowProductCollectionViewCell.xib; sourceTree = "<group>"; };
		2FAD48C21DB6FE3300074D55 /* ShowProductCollectionViewCell.swift */ = {isa = PBXFileReference; fileEncoding = 4; lastKnownFileType = sourcecode.swift; path = ShowProductCollectionViewCell.swift; sourceTree = "<group>"; };
		2FAD48C41DB6FE4C00074D55 /* productDefaultimage.png */ = {isa = PBXFileReference; lastKnownFileType = image.png; path = productDefaultimage.png; sourceTree = "<group>"; };
		2FAD48C61DB7031300074D55 /* ProductTableViewCell.swift */ = {isa = PBXFileReference; fileEncoding = 4; lastKnownFileType = sourcecode.swift; path = ProductTableViewCell.swift; sourceTree = "<group>"; };
		593CC679AF27F8876E27C4DF /* Pods-OhMyBoxTests.release.xcconfig */ = {isa = PBXFileReference; includeInIndex = 1; lastKnownFileType = text.xcconfig; name = "Pods-OhMyBoxTests.release.xcconfig"; path = "Pods/Target Support Files/Pods-OhMyBoxTests/Pods-OhMyBoxTests.release.xcconfig"; sourceTree = "<group>"; };
		844DEEFA5B25952F098D285F /* Pods-OhMyBox.debug.xcconfig */ = {isa = PBXFileReference; includeInIndex = 1; lastKnownFileType = text.xcconfig; name = "Pods-OhMyBox.debug.xcconfig"; path = "Pods/Target Support Files/Pods-OhMyBox/Pods-OhMyBox.debug.xcconfig"; sourceTree = "<group>"; };
		A4F89AF91DA806C900949A35 /* OhMyBox.app */ = {isa = PBXFileReference; explicitFileType = wrapper.application; includeInIndex = 0; path = OhMyBox.app; sourceTree = BUILT_PRODUCTS_DIR; };
		A4F89AFC1DA806C900949A35 /* AppDelegate.swift */ = {isa = PBXFileReference; lastKnownFileType = sourcecode.swift; path = AppDelegate.swift; sourceTree = "<group>"; };
		A4F89AFE1DA806C900949A35 /* ViewController.swift */ = {isa = PBXFileReference; lastKnownFileType = sourcecode.swift; path = ViewController.swift; sourceTree = "<group>"; };
		A4F89B011DA806C900949A35 /* Base */ = {isa = PBXFileReference; lastKnownFileType = file.storyboard; name = Base; path = Base.lproj/Main.storyboard; sourceTree = "<group>"; };
		A4F89B031DA806C900949A35 /* Assets.xcassets */ = {isa = PBXFileReference; lastKnownFileType = folder.assetcatalog; path = Assets.xcassets; sourceTree = "<group>"; };
		A4F89B061DA806C900949A35 /* Base */ = {isa = PBXFileReference; lastKnownFileType = file.storyboard; name = Base; path = Base.lproj/LaunchScreen.storyboard; sourceTree = "<group>"; };
		A4F89B081DA806C900949A35 /* Info.plist */ = {isa = PBXFileReference; lastKnownFileType = text.plist.xml; path = Info.plist; sourceTree = "<group>"; };
		A4F89B0D1DA806C900949A35 /* OhMyBoxTests.xctest */ = {isa = PBXFileReference; explicitFileType = wrapper.cfbundle; includeInIndex = 0; path = OhMyBoxTests.xctest; sourceTree = BUILT_PRODUCTS_DIR; };
		A4F89B111DA806C900949A35 /* OhMyBoxTests.swift */ = {isa = PBXFileReference; lastKnownFileType = sourcecode.swift; path = OhMyBoxTests.swift; sourceTree = "<group>"; };
		A4F89B131DA806C900949A35 /* Info.plist */ = {isa = PBXFileReference; lastKnownFileType = text.plist.xml; path = Info.plist; sourceTree = "<group>"; };
		C147AE5E093A83F7A00015C8 /* Pods-OhMyBoxTests.debug.xcconfig */ = {isa = PBXFileReference; includeInIndex = 1; lastKnownFileType = text.xcconfig; name = "Pods-OhMyBoxTests.debug.xcconfig"; path = "Pods/Target Support Files/Pods-OhMyBoxTests/Pods-OhMyBoxTests.debug.xcconfig"; sourceTree = "<group>"; };
		C8100773A4B12C234FA1527F /* Pods_OhMyBox.framework */ = {isa = PBXFileReference; explicitFileType = wrapper.framework; includeInIndex = 0; path = Pods_OhMyBox.framework; sourceTree = BUILT_PRODUCTS_DIR; };
		D402DFF81DB68C7F007855D6 /* Home.storyboard */ = {isa = PBXFileReference; fileEncoding = 4; lastKnownFileType = file.storyboard; path = Home.storyboard; sourceTree = "<group>"; };
		D402DFFE1DB68CAD007855D6 /* Brand.storyboard */ = {isa = PBXFileReference; fileEncoding = 4; lastKnownFileType = file.storyboard; path = Brand.storyboard; sourceTree = "<group>"; };
		D402E0041DB68CE5007855D6 /* Wishlist.storyboard */ = {isa = PBXFileReference; fileEncoding = 4; lastKnownFileType = file.storyboard; path = Wishlist.storyboard; sourceTree = "<group>"; };
		D402E0091DB68D10007855D6 /* Profile.storyboard */ = {isa = PBXFileReference; fileEncoding = 4; lastKnownFileType = file.storyboard; path = Profile.storyboard; sourceTree = "<group>"; };
		D402E00E1DB68D2A007855D6 /* Login.storyboard */ = {isa = PBXFileReference; fileEncoding = 4; lastKnownFileType = file.storyboard; path = Login.storyboard; sourceTree = "<group>"; };
		D402E0101DB69541007855D6 /* HomeViewController.swift */ = {isa = PBXFileReference; fileEncoding = 4; lastKnownFileType = sourcecode.swift; path = HomeViewController.swift; sourceTree = "<group>"; };
		D402E0181DB69944007855D6 /* ClosetTableViewCell.swift */ = {isa = PBXFileReference; fileEncoding = 4; lastKnownFileType = sourcecode.swift; path = ClosetTableViewCell.swift; sourceTree = "<group>"; };
		D402E01E1DB69FDC007855D6 /* ShowCaseCollectionViewCell.swift */ = {isa = PBXFileReference; fileEncoding = 4; lastKnownFileType = sourcecode.swift; path = ShowCaseCollectionViewCell.swift; sourceTree = "<group>"; };
		D402E01F1DB69FDC007855D6 /* ShowCaseCollectionViewCell.xib */ = {isa = PBXFileReference; fileEncoding = 4; lastKnownFileType = file.xib; path = ShowCaseCollectionViewCell.xib; sourceTree = "<group>"; };
		D457D72D1DC3F43F00443B63 /* BrandViewController.swift */ = {isa = PBXFileReference; fileEncoding = 4; lastKnownFileType = sourcecode.swift; path = BrandViewController.swift; sourceTree = "<group>"; };
		D457D72F1DC3F60900443B63 /* TagView2.xib */ = {isa = PBXFileReference; fileEncoding = 4; lastKnownFileType = file.xib; path = TagView2.xib; sourceTree = "<group>"; };
		D457D7311DC3F64900443B63 /* TagView2.swift */ = {isa = PBXFileReference; fileEncoding = 4; lastKnownFileType = sourcecode.swift; path = TagView2.swift; sourceTree = "<group>"; };
		D4AE07741DB6DDF800D2F2BA /* HeaderTitleTableViewCell.swift */ = {isa = PBXFileReference; fileEncoding = 4; lastKnownFileType = sourcecode.swift; path = HeaderTitleTableViewCell.swift; sourceTree = "<group>"; };
		D4AE07751DB6DDF800D2F2BA /* HeaderTitleTableViewCell.xib */ = {isa = PBXFileReference; fileEncoding = 4; lastKnownFileType = file.xib; path = HeaderTitleTableViewCell.xib; sourceTree = "<group>"; };
		D4C0D6541DB6AA6C007C3113 /* jacketImage.png */ = {isa = PBXFileReference; lastKnownFileType = image.png; path = jacketImage.png; sourceTree = "<group>"; };
		D4C0D6561DB6AA6C007C3113 /* shoesImage.png */ = {isa = PBXFileReference; lastKnownFileType = image.png; path = shoesImage.png; sourceTree = "<group>"; };
		D4C0D65B1DB6AF2C007C3113 /* TagView.xib */ = {isa = PBXFileReference; fileEncoding = 4; lastKnownFileType = file.xib; path = TagView.xib; sourceTree = "<group>"; };
		D4C0D65D1DB6B1F2007C3113 /* TagView.swift */ = {isa = PBXFileReference; fileEncoding = 4; lastKnownFileType = sourcecode.swift; path = TagView.swift; sourceTree = "<group>"; };
		D4C0D6601DB6B32E007C3113 /* UIView+Animations.swift */ = {isa = PBXFileReference; fileEncoding = 4; lastKnownFileType = sourcecode.swift; path = "UIView+Animations.swift"; sourceTree = "<group>"; };
		D4C0D6611DB6B32E007C3113 /* UIViewExtension.swift */ = {isa = PBXFileReference; fileEncoding = 4; lastKnownFileType = sourcecode.swift; path = UIViewExtension.swift; sourceTree = "<group>"; };
		D4C0D6621DB6B32E007C3113 /* TextFieldExtension.swift */ = {isa = PBXFileReference; fileEncoding = 4; lastKnownFileType = sourcecode.swift; path = TextFieldExtension.swift; sourceTree = "<group>"; };
		D4C0D6631DB6B32E007C3113 /* UIColorExtension.swift */ = {isa = PBXFileReference; fileEncoding = 4; lastKnownFileType = sourcecode.swift; path = UIColorExtension.swift; sourceTree = "<group>"; };
		D4C0D6641DB6B32E007C3113 /* ViewUtil.swift */ = {isa = PBXFileReference; fileEncoding = 4; lastKnownFileType = sourcecode.swift; path = ViewUtil.swift; sourceTree = "<group>"; };
		EF092584CA45C98DDD2FE4E6 /* Pods_OhMyBoxTests.framework */ = {isa = PBXFileReference; explicitFileType = wrapper.framework; includeInIndex = 0; path = Pods_OhMyBoxTests.framework; sourceTree = BUILT_PRODUCTS_DIR; };
		F0638DD2A71804F738F3D544 /* Pods-OhMyBox.release.xcconfig */ = {isa = PBXFileReference; includeInIndex = 1; lastKnownFileType = text.xcconfig; name = "Pods-OhMyBox.release.xcconfig"; path = "Pods/Target Support Files/Pods-OhMyBox/Pods-OhMyBox.release.xcconfig"; sourceTree = "<group>"; };
/* End PBXFileReference section */

/* Begin PBXFrameworksBuildPhase section */
		A4F89AF61DA806C900949A35 /* Frameworks */ = {
			isa = PBXFrameworksBuildPhase;
			buildActionMask = 2147483647;
			files = (
				A8BD14BCA7DC790910C4E485 /* Pods_OhMyBox.framework in Frameworks */,
			);
			runOnlyForDeploymentPostprocessing = 0;
		};
		A4F89B0A1DA806C900949A35 /* Frameworks */ = {
			isa = PBXFrameworksBuildPhase;
			buildActionMask = 2147483647;
			files = (
				1E7C8670FBD451AD06391C03 /* Pods_OhMyBoxTests.framework in Frameworks */,
			);
			runOnlyForDeploymentPostprocessing = 0;
		};
/* End PBXFrameworksBuildPhase section */

/* Begin PBXGroup section */
		2F044CE81DBE438800B54468 /* DetaiProduct */ = {
			isa = PBXGroup;
			children = (
				2F044CE91DBE43D100B54468 /* DetailProudctTableViewCell.swift */,
				2F225CF91DBEE8A3009E4566 /* ColorCollectionViewCell.swift */,
				2F225CFF1DBEFEE7009E4566 /* AttributesTableViewCell.swift */,
				2F225D0B1DBFE8FA009E4566 /* SizeProductTableViewCell.swift */,
				2F225D0D1DBFEB8F009E4566 /* SizeProductCollectionViewCell.swift */,
				2F5DE1C11DC1386700822826 /* SwitchProductButtonTableViewCell.swift */,
				2F5DE1C71DC13F1400822826 /* SimpleTextViewTableViewCell.swift */,
				2F5DE1C81DC13F1400822826 /* SimpleTextViewTableViewCell.xib */,
				2F5DE1CB1DC2966D00822826 /* ContentStoreTableViewCell.swift */,
				2F5DE1CC1DC2966D00822826 /* ContentStoreTableViewCell.xib */,
			);
			name = DetaiProduct;
			sourceTree = "<group>";
		};
		2F225D051DBF0506009E4566 /* Model */ = {
			isa = PBXGroup;
			children = (
				2F225D061DBF05A0009E4566 /* Colour.swift */,
			);
			name = Model;
			sourceTree = "<group>";
		};
		2F225D081DBF1AEF009E4566 /* Views */ = {
			isa = PBXGroup;
			children = (
				D4C0D65D1DB6B1F2007C3113 /* TagView.swift */,
				D4C0D65B1DB6AF2C007C3113 /* TagView.xib */,
				D457D7311DC3F64900443B63 /* TagView2.swift */,
				D457D72F1DC3F60900443B63 /* TagView2.xib */,
				2F225CFB1DBEFA5E009E4566 /* ContainerCollectionView.xib */,
				2F225CFD1DBEFC36009E4566 /* ContainerCollectionView.swift */,
			);
			name = Views;
			sourceTree = "<group>";
		};
		2F4896EB1DB7E1D600EADFFE /* Cell */ = {
			isa = PBXGroup;
			children = (
				2F4896E51DB7438A00EADFFE /* WishTableViewCell.swift */,
				2F4896E61DB7438A00EADFFE /* WishTableViewCell.xib */,
			);
			name = Cell;
			sourceTree = "<group>";
		};
		2F4896EC1DB7E94200EADFFE /* fonts */ = {
			isa = PBXGroup;
			children = (
				2F4896EE1DB7E98C00EADFFE /* Axis */,
				2F4896ED1DB7E97700EADFFE /* Muli-fonts */,
			);
			name = fonts;
			sourceTree = "<group>";
		};
		2F4896ED1DB7E97700EADFFE /* Muli-fonts */ = {
			isa = PBXGroup;
			children = (
				2F4896F01DB7E9A400EADFFE /* Muli-Light.ttf */,
				2F4896F11DB7E9A400EADFFE /* Muli-Regular.ttf */,
			);
			name = "Muli-fonts";
			sourceTree = "<group>";
		};
		2F4896EE1DB7E98C00EADFFE /* Axis */ = {
			isa = PBXGroup;
			children = (
				2F4896EF1DB7E99B00EADFFE /* Axis Extrabold.otf */,
			);
			name = Axis;
			sourceTree = "<group>";
		};
		2F70E7FB1DC7B861000AB03B /* ShoppingBox */ = {
			isa = PBXGroup;
			children = (
				2F70E7FE1DC7B8C2000AB03B /* Controller */,
				2F70E7FD1DC7B8BB000AB03B /* View */,
				2F70E7FC1DC7B8B6000AB03B /* Model */,
			);
			name = ShoppingBox;
			sourceTree = "<group>";
		};
		2F70E7FC1DC7B8B6000AB03B /* Model */ = {
			isa = PBXGroup;
			children = (
			);
			name = Model;
			sourceTree = "<group>";
		};
		2F70E7FD1DC7B8BB000AB03B /* View */ = {
			isa = PBXGroup;
			children = (
				2F70E8051DC7C3C6000AB03B /* Cells */,
				2F70E8011DC7B985000AB03B /* ShoppingBox.storyboard */,
			);
			name = View;
			sourceTree = "<group>";
		};
		2F70E7FE1DC7B8C2000AB03B /* Controller */ = {
			isa = PBXGroup;
			children = (
				2F70E8031DC7B9AC000AB03B /* ShoppingBoxViewController.swift */,
			);
			name = Controller;
			sourceTree = "<group>";
		};
		2F70E8051DC7C3C6000AB03B /* Cells */ = {
			isa = PBXGroup;
			children = (
				2F70E80A1DC7C502000AB03B /* ShoppingBoxTableViewCell.swift */,
				2F70E80B1DC7C502000AB03B /* ShoppingBoxTableViewCell.xib */,
			);
			name = Cells;
			sourceTree = "<group>";
		};
		64612CF48B1EAC2E4BDDFE27 /* Frameworks */ = {
			isa = PBXGroup;
			children = (
				C8100773A4B12C234FA1527F /* Pods_OhMyBox.framework */,
				EF092584CA45C98DDD2FE4E6 /* Pods_OhMyBoxTests.framework */,
			);
			name = Frameworks;
			sourceTree = "<group>";
		};
		A4F89AF01DA806C900949A35 = {
			isa = PBXGroup;
			children = (
				A4F89AFB1DA806C900949A35 /* OhMyBox */,
				A4F89B101DA806C900949A35 /* OhMyBoxTests */,
				A4F89AFA1DA806C900949A35 /* Products */,
				AF473E1DCF7E3F87812B813B /* Pods */,
				64612CF48B1EAC2E4BDDFE27 /* Frameworks */,
			);
			sourceTree = "<group>";
		};
		A4F89AFA1DA806C900949A35 /* Products */ = {
			isa = PBXGroup;
			children = (
				A4F89AF91DA806C900949A35 /* OhMyBox.app */,
				A4F89B0D1DA806C900949A35 /* OhMyBoxTests.xctest */,
			);
			name = Products;
			sourceTree = "<group>";
		};
		A4F89AFB1DA806C900949A35 /* OhMyBox */ = {
			isa = PBXGroup;
			children = (
				2F70E7FB1DC7B861000AB03B /* ShoppingBox */,
				D4C0D65F1DB6B315007C3113 /* Extensions */,
				D4C0D6511DB6AA00007C3113 /* Resources */,
				D402E00B1DB68D16007855D6 /* Login */,
				D402E0061DB68CED007855D6 /* Profile */,
				D402E0011DB68CCC007855D6 /* Wishlist */,
				D402DFFB1DB68C8C007855D6 /* Brand */,
				D402DFF71DB68C55007855D6 /* Home */,
				A4F89AFC1DA806C900949A35 /* AppDelegate.swift */,
				A4F89AFE1DA806C900949A35 /* ViewController.swift */,
				A4F89B001DA806C900949A35 /* Main.storyboard */,
				A4F89B031DA806C900949A35 /* Assets.xcassets */,
				A4F89B051DA806C900949A35 /* LaunchScreen.storyboard */,
				A4F89B081DA806C900949A35 /* Info.plist */,
			);
			path = OhMyBox;
			sourceTree = "<group>";
		};
		A4F89B101DA806C900949A35 /* OhMyBoxTests */ = {
			isa = PBXGroup;
			children = (
				A4F89B111DA806C900949A35 /* OhMyBoxTests.swift */,
				A4F89B131DA806C900949A35 /* Info.plist */,
			);
			path = OhMyBoxTests;
			sourceTree = "<group>";
		};
		AF473E1DCF7E3F87812B813B /* Pods */ = {
			isa = PBXGroup;
			children = (
				844DEEFA5B25952F098D285F /* Pods-OhMyBox.debug.xcconfig */,
				F0638DD2A71804F738F3D544 /* Pods-OhMyBox.release.xcconfig */,
				C147AE5E093A83F7A00015C8 /* Pods-OhMyBoxTests.debug.xcconfig */,
				593CC679AF27F8876E27C4DF /* Pods-OhMyBoxTests.release.xcconfig */,
			);
			name = Pods;
			sourceTree = "<group>";
		};
		D402DFF61DB68C42007855D6 /* View */ = {
			isa = PBXGroup;
			children = (
				2F225D081DBF1AEF009E4566 /* Views */,
				D402E0131DB698C6007855D6 /* Cell */,
				D402DFF81DB68C7F007855D6 /* Home.storyboard */,
			);
			name = View;
			sourceTree = "<group>";
		};
		D402DFF71DB68C55007855D6 /* Home */ = {
			isa = PBXGroup;
			children = (
				2F225D051DBF0506009E4566 /* Model */,
				D402DFFA1DB68C85007855D6 /* Controller */,
				D402DFF61DB68C42007855D6 /* View */,
			);
			name = Home;
			sourceTree = "<group>";
		};
		D402DFFA1DB68C85007855D6 /* Controller */ = {
			isa = PBXGroup;
			children = (
				D402E0101DB69541007855D6 /* HomeViewController.swift */,
				2F07773F1DBD1BED003C124F /* RecommendedViewController.swift */,
				2F044CE41DBE3BD300B54468 /* DetailProductViewController.swift */,
			);
			name = Controller;
			sourceTree = "<group>";
		};
		D402DFFB1DB68C8C007855D6 /* Brand */ = {
			isa = PBXGroup;
			children = (
				D402E0001DB68CB4007855D6 /* Controller */,
				D402DFFC1DB68C99007855D6 /* View */,
			);
			name = Brand;
			sourceTree = "<group>";
		};
		D402DFFC1DB68C99007855D6 /* View */ = {
			isa = PBXGroup;
			children = (
				D402DFFE1DB68CAD007855D6 /* Brand.storyboard */,
			);
			name = View;
			sourceTree = "<group>";
		};
		D402E0001DB68CB4007855D6 /* Controller */ = {
			isa = PBXGroup;
			children = (
				D457D72D1DC3F43F00443B63 /* BrandViewController.swift */,
			);
			name = Controller;
			sourceTree = "<group>";
		};
		D402E0011DB68CCC007855D6 /* Wishlist */ = {
			isa = PBXGroup;
			children = (
				D402E0031DB68CD7007855D6 /* Controller */,
				D402E0021DB68CD3007855D6 /* View */,
			);
			name = Wishlist;
			sourceTree = "<group>";
		};
		D402E0021DB68CD3007855D6 /* View */ = {
			isa = PBXGroup;
			children = (
				2F4896EB1DB7E1D600EADFFE /* Cell */,
				D402E0041DB68CE5007855D6 /* Wishlist.storyboard */,
			);
			name = View;
			sourceTree = "<group>";
		};
		D402E0031DB68CD7007855D6 /* Controller */ = {
			isa = PBXGroup;
			children = (
				2F4896E31DB73F2200EADFFE /* WishViewController.swift */,
			);
			name = Controller;
			sourceTree = "<group>";
		};
		D402E0061DB68CED007855D6 /* Profile */ = {
			isa = PBXGroup;
			children = (
				D402E0081DB68CFB007855D6 /* Controller */,
				D402E0071DB68CF3007855D6 /* View */,
			);
			name = Profile;
			sourceTree = "<group>";
		};
		D402E0071DB68CF3007855D6 /* View */ = {
			isa = PBXGroup;
			children = (
				D402E0091DB68D10007855D6 /* Profile.storyboard */,
				2F4896F71DB80BDB00EADFFE /* PhotoProfileTableViewCell.swift */,
				2F46496B1DB942840021516F /* SegmentTableViewCell.swift */,
				2F8460611DBA79AB002D25FE /* DataUserTextFieldTableViewCell.swift */,
				2F8460621DBA79AB002D25FE /* DataUserTextFieldTableViewCell.xib */,
				2F0777451DBD8FBF003C124F /* MeasuresUserTableViewCell.swift */,
				2F0777461DBD8FBF003C124F /* MeasuresUserTableViewCell.xib */,
				2F0777491DBD9B95003C124F /* SimpleTextTableViewCell.swift */,
				2F07774A1DBD9B95003C124F /* SimpleTextTableViewCell.xib */,
				2F07774D1DBDAE0D003C124F /* TermTableViewCell.swift */,
				2F07774E1DBDAE0D003C124F /* TermTableViewCell.xib */,
			);
			name = View;
			sourceTree = "<group>";
		};
		D402E0081DB68CFB007855D6 /* Controller */ = {
			isa = PBXGroup;
			children = (
				2F4896F51DB7F83100EADFFE /* ProfileViewController.swift */,
			);
			name = Controller;
			sourceTree = "<group>";
		};
		D402E00B1DB68D16007855D6 /* Login */ = {
			isa = PBXGroup;
			children = (
				D402E00D1DB68D20007855D6 /* Controller */,
				D402E00C1DB68D1B007855D6 /* View */,
			);
			name = Login;
			sourceTree = "<group>";
		};
		D402E00C1DB68D1B007855D6 /* View */ = {
			isa = PBXGroup;
			children = (
				D402E00E1DB68D2A007855D6 /* Login.storyboard */,
			);
			name = View;
			sourceTree = "<group>";
		};
		D402E00D1DB68D20007855D6 /* Controller */ = {
			isa = PBXGroup;
			children = (
			);
			name = Controller;
			sourceTree = "<group>";
		};
		D402E0131DB698C6007855D6 /* Cell */ = {
			isa = PBXGroup;
			children = (
				2F044CE81DBE438800B54468 /* DetaiProduct */,
				2FAD48C21DB6FE3300074D55 /* ShowProductCollectionViewCell.swift */,
				2FAD48C01DB6FE2C00074D55 /* ShowProductCollectionViewCell.xib */,
				D402E0181DB69944007855D6 /* ClosetTableViewCell.swift */,
				D402E01E1DB69FDC007855D6 /* ShowCaseCollectionViewCell.swift */,
				D402E01F1DB69FDC007855D6 /* ShowCaseCollectionViewCell.xib */,
				D4AE07741DB6DDF800D2F2BA /* HeaderTitleTableViewCell.swift */,
				D4AE07751DB6DDF800D2F2BA /* HeaderTitleTableViewCell.xib */,
				2FAD48C61DB7031300074D55 /* ProductTableViewCell.swift */,
				2F4896DD1DB72C3900EADFFE /* PromotionTableViewCell.swift */,
				2F4896DE1DB72C3900EADFFE /* PromotionTableViewCell.xib */,
				2F0777411DBD2EA9003C124F /* HeaderRecommendedTableViewCell.swift */,
			);
			name = Cell;
			sourceTree = "<group>";
		};
		D4C0D6511DB6AA00007C3113 /* Resources */ = {
			isa = PBXGroup;
			children = (
				2F4896EC1DB7E94200EADFFE /* fonts */,
				D4C0D6521DB6AA09007C3113 /* Images */,
			);
			name = Resources;
			sourceTree = "<group>";
		};
		D4C0D6521DB6AA09007C3113 /* Images */ = {
			isa = PBXGroup;
			children = (
				2F4649691DB93E5E0021516F /* fashion-person.png */,
				2F5DE1CF1DC2ED3300822826 /* storeDefault.png */,
				2F4896E91DB7486700EADFFE /* defaultGloes.png */,
				2F0777431DBD368E003C124F /* dressImage.png */,
				2FAD48C41DB6FE4C00074D55 /* productDefaultimage.png */,
				2F044CE61DBE41D600B54468 /* coatProduct.png */,
				2F4896E11DB72D0000EADFFE /* defaultWomanImage.png */,
				D4C0D6541DB6AA6C007C3113 /* jacketImage.png */,
				D4C0D6561DB6AA6C007C3113 /* shoesImage.png */,
			);
			name = Images;
			sourceTree = "<group>";
		};
		D4C0D65F1DB6B315007C3113 /* Extensions */ = {
			isa = PBXGroup;
			children = (
				2F225D031DBF04F2009E4566 /* UIColor+Util.swift */,
				2F225D011DBF04E4009E4566 /* UIview+Util.swift */,
				D4C0D6601DB6B32E007C3113 /* UIView+Animations.swift */,
				D4C0D6611DB6B32E007C3113 /* UIViewExtension.swift */,
				D4C0D6621DB6B32E007C3113 /* TextFieldExtension.swift */,
				D4C0D6631DB6B32E007C3113 /* UIColorExtension.swift */,
				D4C0D6641DB6B32E007C3113 /* ViewUtil.swift */,
			);
			name = Extensions;
			sourceTree = "<group>";
		};
/* End PBXGroup section */

/* Begin PBXNativeTarget section */
		A4F89AF81DA806C900949A35 /* OhMyBox */ = {
			isa = PBXNativeTarget;
			buildConfigurationList = A4F89B161DA806C900949A35 /* Build configuration list for PBXNativeTarget "OhMyBox" */;
			buildPhases = (
				A33F2F531224D82FC36CF3E3 /* [CP] Check Pods Manifest.lock */,
				A4F89AF51DA806C900949A35 /* Sources */,
				A4F89AF61DA806C900949A35 /* Frameworks */,
				A4F89AF71DA806C900949A35 /* Resources */,
				781CE5EBBDCCB9E6FD0EF683 /* [CP] Embed Pods Frameworks */,
				6FEE6A6A461F3B856DB2773D /* [CP] Copy Pods Resources */,
				A4F89B1C1DA807F200949A35 /* Show Comment Tags */,
				A4B5CAAA1DA811FB003260BA /* Fabric */,
			);
			buildRules = (
			);
			dependencies = (
			);
			name = OhMyBox;
			productName = OhMyBox;
			productReference = A4F89AF91DA806C900949A35 /* OhMyBox.app */;
			productType = "com.apple.product-type.application";
		};
		A4F89B0C1DA806C900949A35 /* OhMyBoxTests */ = {
			isa = PBXNativeTarget;
			buildConfigurationList = A4F89B191DA806C900949A35 /* Build configuration list for PBXNativeTarget "OhMyBoxTests" */;
			buildPhases = (
				B43C840D9C1D092E9364EF68 /* [CP] Check Pods Manifest.lock */,
				A4F89B091DA806C900949A35 /* Sources */,
				A4F89B0A1DA806C900949A35 /* Frameworks */,
				A4F89B0B1DA806C900949A35 /* Resources */,
				51CB3401464101D9B193CDE4 /* [CP] Embed Pods Frameworks */,
				E1ECE27E305BFB85E65B920E /* [CP] Copy Pods Resources */,
			);
			buildRules = (
			);
			dependencies = (
				A4F89B0F1DA806C900949A35 /* PBXTargetDependency */,
			);
			name = OhMyBoxTests;
			productName = OhMyBoxTests;
			productReference = A4F89B0D1DA806C900949A35 /* OhMyBoxTests.xctest */;
			productType = "com.apple.product-type.bundle.unit-test";
		};
/* End PBXNativeTarget section */

/* Begin PBXProject section */
		A4F89AF11DA806C900949A35 /* Project object */ = {
			isa = PBXProject;
			attributes = {
				LastSwiftUpdateCheck = 0800;
				LastUpgradeCheck = 0800;
				ORGANIZATIONNAME = Lab262;
				TargetAttributes = {
					A4F89AF81DA806C900949A35 = {
						CreatedOnToolsVersion = 8.0;
						ProvisioningStyle = Automatic;
					};
					A4F89B0C1DA806C900949A35 = {
						CreatedOnToolsVersion = 8.0;
						ProvisioningStyle = Automatic;
						TestTargetID = A4F89AF81DA806C900949A35;
					};
				};
			};
			buildConfigurationList = A4F89AF41DA806C900949A35 /* Build configuration list for PBXProject "OhMyBox" */;
			compatibilityVersion = "Xcode 3.2";
			developmentRegion = English;
			hasScannedForEncodings = 0;
			knownRegions = (
				en,
				Base,
			);
			mainGroup = A4F89AF01DA806C900949A35;
			productRefGroup = A4F89AFA1DA806C900949A35 /* Products */;
			projectDirPath = "";
			projectRoot = "";
			targets = (
				A4F89AF81DA806C900949A35 /* OhMyBox */,
				A4F89B0C1DA806C900949A35 /* OhMyBoxTests */,
			);
		};
/* End PBXProject section */

/* Begin PBXResourcesBuildPhase section */
		A4F89AF71DA806C900949A35 /* Resources */ = {
			isa = PBXResourcesBuildPhase;
			buildActionMask = 2147483647;
			files = (
				D402E00F1DB68D2A007855D6 /* Login.storyboard in Resources */,
				2F46496A1DB93E5E0021516F /* fashion-person.png in Resources */,
				A4F89B071DA806C900949A35 /* LaunchScreen.storyboard in Resources */,
				A4F89B041DA806C900949A35 /* Assets.xcassets in Resources */,
				2FAD48C51DB6FE4C00074D55 /* productDefaultimage.png in Resources */,
				2F4896E81DB7438A00EADFFE /* WishTableViewCell.xib in Resources */,
				2F044CE71DBE41D600B54468 /* coatProduct.png in Resources */,
				D4C0D65A1DB6AA6C007C3113 /* shoesImage.png in Resources */,
				2F0777481DBD8FBF003C124F /* MeasuresUserTableViewCell.xib in Resources */,
				D402DFFF1DB68CAD007855D6 /* Brand.storyboard in Resources */,
				D457D7301DC3F60900443B63 /* TagView2.xib in Resources */,
				D402E0211DB69FDC007855D6 /* ShowCaseCollectionViewCell.xib in Resources */,
				2F4896E21DB72D0000EADFFE /* defaultWomanImage.png in Resources */,
				2F70E80D1DC7C502000AB03B /* ShoppingBoxTableViewCell.xib in Resources */,
				2F225CFC1DBEFA5E009E4566 /* ContainerCollectionView.xib in Resources */,
				2F07774C1DBD9B95003C124F /* SimpleTextTableViewCell.xib in Resources */,
				2F4896E01DB72C3900EADFFE /* PromotionTableViewCell.xib in Resources */,
				2F4896F31DB7EA0000EADFFE /* Muli-Light.ttf in Resources */,
				2F4896F41DB7EA0300EADFFE /* Muli-Regular.ttf in Resources */,
				D4C0D65C1DB6AF2C007C3113 /* TagView.xib in Resources */,
				2F5DE1CA1DC13F1400822826 /* SimpleTextViewTableViewCell.xib in Resources */,
				2F5DE1D01DC2ED3300822826 /* storeDefault.png in Resources */,
				D4C0D6581DB6AA6C007C3113 /* jacketImage.png in Resources */,
				2F0777501DBDAE0D003C124F /* TermTableViewCell.xib in Resources */,
				D402E0051DB68CE5007855D6 /* Wishlist.storyboard in Resources */,
				2F4896EA1DB7486700EADFFE /* defaultGloes.png in Resources */,
				A4F89B021DA806C900949A35 /* Main.storyboard in Resources */,
				D402E00A1DB68D10007855D6 /* Profile.storyboard in Resources */,
				2F5DE1CE1DC2966D00822826 /* ContentStoreTableViewCell.xib in Resources */,
				2F70E8021DC7B985000AB03B /* ShoppingBox.storyboard in Resources */,
				2F8460641DBA79AB002D25FE /* DataUserTextFieldTableViewCell.xib in Resources */,
				2F0777441DBD368E003C124F /* dressImage.png in Resources */,
				2F4896F21DB7E9FE00EADFFE /* Axis Extrabold.otf in Resources */,
				D402DFF91DB68C7F007855D6 /* Home.storyboard in Resources */,
				2FAD48C11DB6FE2C00074D55 /* ShowProductCollectionViewCell.xib in Resources */,
				D4AE07771DB6DDF800D2F2BA /* HeaderTitleTableViewCell.xib in Resources */,
			);
			runOnlyForDeploymentPostprocessing = 0;
		};
		A4F89B0B1DA806C900949A35 /* Resources */ = {
			isa = PBXResourcesBuildPhase;
			buildActionMask = 2147483647;
			files = (
			);
			runOnlyForDeploymentPostprocessing = 0;
		};
/* End PBXResourcesBuildPhase section */

/* Begin PBXShellScriptBuildPhase section */
		51CB3401464101D9B193CDE4 /* [CP] Embed Pods Frameworks */ = {
			isa = PBXShellScriptBuildPhase;
			buildActionMask = 2147483647;
			files = (
			);
			inputPaths = (
			);
			name = "[CP] Embed Pods Frameworks";
			outputPaths = (
			);
			runOnlyForDeploymentPostprocessing = 0;
			shellPath = /bin/sh;
			shellScript = "\"${SRCROOT}/Pods/Target Support Files/Pods-OhMyBoxTests/Pods-OhMyBoxTests-frameworks.sh\"\n";
			showEnvVarsInLog = 0;
		};
		6FEE6A6A461F3B856DB2773D /* [CP] Copy Pods Resources */ = {
			isa = PBXShellScriptBuildPhase;
			buildActionMask = 2147483647;
			files = (
			);
			inputPaths = (
			);
			name = "[CP] Copy Pods Resources";
			outputPaths = (
			);
			runOnlyForDeploymentPostprocessing = 0;
			shellPath = /bin/sh;
			shellScript = "\"${SRCROOT}/Pods/Target Support Files/Pods-OhMyBox/Pods-OhMyBox-resources.sh\"\n";
			showEnvVarsInLog = 0;
		};
		781CE5EBBDCCB9E6FD0EF683 /* [CP] Embed Pods Frameworks */ = {
			isa = PBXShellScriptBuildPhase;
			buildActionMask = 2147483647;
			files = (
			);
			inputPaths = (
			);
			name = "[CP] Embed Pods Frameworks";
			outputPaths = (
			);
			runOnlyForDeploymentPostprocessing = 0;
			shellPath = /bin/sh;
			shellScript = "\"${SRCROOT}/Pods/Target Support Files/Pods-OhMyBox/Pods-OhMyBox-frameworks.sh\"\n";
			showEnvVarsInLog = 0;
		};
		A33F2F531224D82FC36CF3E3 /* [CP] Check Pods Manifest.lock */ = {
			isa = PBXShellScriptBuildPhase;
			buildActionMask = 2147483647;
			files = (
			);
			inputPaths = (
			);
			name = "[CP] Check Pods Manifest.lock";
			outputPaths = (
			);
			runOnlyForDeploymentPostprocessing = 0;
			shellPath = /bin/sh;
			shellScript = "diff \"${PODS_ROOT}/../Podfile.lock\" \"${PODS_ROOT}/Manifest.lock\" > /dev/null\nif [ $? != 0 ] ; then\n    # print error to STDERR\n    echo \"error: The sandbox is not in sync with the Podfile.lock. Run 'pod install' or update your CocoaPods installation.\" >&2\n    exit 1\nfi\n";
			showEnvVarsInLog = 0;
		};
		A4B5CAAA1DA811FB003260BA /* Fabric */ = {
			isa = PBXShellScriptBuildPhase;
			buildActionMask = 8;
			files = (
			);
			inputPaths = (
			);
			name = Fabric;
			outputPaths = (
			);
			runOnlyForDeploymentPostprocessing = 1;
			shellPath = /bin/sh;
			shellScript = "${PODS_ROOT}/Fabric/run 2e1985f6065c4886c2f4320a20fb61e3c4323688 d2624afd5979642eef8ae5ce2ae3ee1eb86983da95e3c602e865668bb7b4bf8b";
		};
		A4F89B1C1DA807F200949A35 /* Show Comment Tags */ = {
			isa = PBXShellScriptBuildPhase;
			buildActionMask = 2147483647;
			files = (
			);
			inputPaths = (
			);
			name = "Show Comment Tags";
			outputPaths = (
			);
			runOnlyForDeploymentPostprocessing = 0;
			shellPath = /bin/sh;
			shellScript = "#http://krakendev.io/blog/generating-warnings-in-xcode\n#http://stackoverflow.com/questions/24183812/swift-warning-equivalent\nTAGS=\"TODO:\"\necho \"searching ${SRCROOT/Humagine} for ${TAGS}\"\nfind \"${SRCROOT/Humagine}\" \\( -name \"*.swift\" \\) -type f -print0 | xargs -0 egrep --with-filename --line-number --only-matching \"($TAGS).*\\$\" | perl -p -e \"s/($TAGS)/ warning: \\$1/\"";
		};
		B43C840D9C1D092E9364EF68 /* [CP] Check Pods Manifest.lock */ = {
			isa = PBXShellScriptBuildPhase;
			buildActionMask = 2147483647;
			files = (
			);
			inputPaths = (
			);
			name = "[CP] Check Pods Manifest.lock";
			outputPaths = (
			);
			runOnlyForDeploymentPostprocessing = 0;
			shellPath = /bin/sh;
			shellScript = "diff \"${PODS_ROOT}/../Podfile.lock\" \"${PODS_ROOT}/Manifest.lock\" > /dev/null\nif [ $? != 0 ] ; then\n    # print error to STDERR\n    echo \"error: The sandbox is not in sync with the Podfile.lock. Run 'pod install' or update your CocoaPods installation.\" >&2\n    exit 1\nfi\n";
			showEnvVarsInLog = 0;
		};
		E1ECE27E305BFB85E65B920E /* [CP] Copy Pods Resources */ = {
			isa = PBXShellScriptBuildPhase;
			buildActionMask = 2147483647;
			files = (
			);
			inputPaths = (
			);
			name = "[CP] Copy Pods Resources";
			outputPaths = (
			);
			runOnlyForDeploymentPostprocessing = 0;
			shellPath = /bin/sh;
			shellScript = "\"${SRCROOT}/Pods/Target Support Files/Pods-OhMyBoxTests/Pods-OhMyBoxTests-resources.sh\"\n";
			showEnvVarsInLog = 0;
		};
/* End PBXShellScriptBuildPhase section */

/* Begin PBXSourcesBuildPhase section */
		A4F89AF51DA806C900949A35 /* Sources */ = {
			isa = PBXSourcesBuildPhase;
			buildActionMask = 2147483647;
			files = (
				D4C0D6671DB6B32E007C3113 /* TextFieldExtension.swift in Sources */,
				2F225D0E1DBFEB8F009E4566 /* SizeProductCollectionViewCell.swift in Sources */,
				2F0777471DBD8FBF003C124F /* MeasuresUserTableViewCell.swift in Sources */,
				A4F89AFF1DA806C900949A35 /* ViewController.swift in Sources */,
				D4C0D6691DB6B32E007C3113 /* ViewUtil.swift in Sources */,
				2F225D001DBEFEE7009E4566 /* AttributesTableViewCell.swift in Sources */,
				D4C0D6651DB6B32E007C3113 /* UIView+Animations.swift in Sources */,
				2F0777401DBD1BED003C124F /* RecommendedViewController.swift in Sources */,
				2F0777421DBD2EA9003C124F /* HeaderRecommendedTableViewCell.swift in Sources */,
				2F225D0C1DBFE8FA009E4566 /* SizeProductTableViewCell.swift in Sources */,
				D457D72E1DC3F43F00443B63 /* BrandViewController.swift in Sources */,
				2F07774F1DBDAE0D003C124F /* TermTableViewCell.swift in Sources */,
				2F044CEA1DBE43D100B54468 /* DetailProudctTableViewCell.swift in Sources */,
				D457D7321DC3F64900443B63 /* TagView2.swift in Sources */,
				D402E01A1DB69944007855D6 /* ClosetTableViewCell.swift in Sources */,
				2F225D041DBF04F2009E4566 /* UIColor+Util.swift in Sources */,
				2F225CFE1DBEFC36009E4566 /* ContainerCollectionView.swift in Sources */,
				2FAD48C31DB6FE3400074D55 /* ShowProductCollectionViewCell.swift in Sources */,
				2F5DE1CD1DC2966D00822826 /* ContentStoreTableViewCell.swift in Sources */,
				2F4896F61DB7F83100EADFFE /* ProfileViewController.swift in Sources */,
				2F225D021DBF04E4009E4566 /* UIview+Util.swift in Sources */,
				2F4896E71DB7438A00EADFFE /* WishTableViewCell.swift in Sources */,
				2F8460631DBA79AB002D25FE /* DataUserTextFieldTableViewCell.swift in Sources */,
				A4F89AFD1DA806C900949A35 /* AppDelegate.swift in Sources */,
				2F225D071DBF05A0009E4566 /* Colour.swift in Sources */,
				D402E0201DB69FDC007855D6 /* ShowCaseCollectionViewCell.swift in Sources */,
				2F044CE51DBE3BD300B54468 /* DetailProductViewController.swift in Sources */,
				2F5DE1C21DC1386700822826 /* SwitchProductButtonTableViewCell.swift in Sources */,
				2F70E8041DC7B9AC000AB03B /* ShoppingBoxViewController.swift in Sources */,
				D4AE07761DB6DDF800D2F2BA /* HeaderTitleTableViewCell.swift in Sources */,
				2F07774B1DBD9B95003C124F /* SimpleTextTableViewCell.swift in Sources */,
				2FAD48C71DB7031300074D55 /* ProductTableViewCell.swift in Sources */,
				2F70E80C1DC7C502000AB03B /* ShoppingBoxTableViewCell.swift in Sources */,
				D402E0111DB69541007855D6 /* HomeViewController.swift in Sources */,
				2F5DE1C91DC13F1400822826 /* SimpleTextViewTableViewCell.swift in Sources */,
				D4C0D6681DB6B32E007C3113 /* UIColorExtension.swift in Sources */,
				D4C0D6661DB6B32E007C3113 /* UIViewExtension.swift in Sources */,
				2F46496C1DB942840021516F /* SegmentTableViewCell.swift in Sources */,
				2F4896E41DB73F2200EADFFE /* WishViewController.swift in Sources */,
				D4C0D65E1DB6B1F2007C3113 /* TagView.swift in Sources */,
				2F4896DF1DB72C3900EADFFE /* PromotionTableViewCell.swift in Sources */,
				2F4896F81DB80BDB00EADFFE /* PhotoProfileTableViewCell.swift in Sources */,
				2F225CFA1DBEE8A3009E4566 /* ColorCollectionViewCell.swift in Sources */,
			);
			runOnlyForDeploymentPostprocessing = 0;
		};
		A4F89B091DA806C900949A35 /* Sources */ = {
			isa = PBXSourcesBuildPhase;
			buildActionMask = 2147483647;
			files = (
				A4F89B121DA806C900949A35 /* OhMyBoxTests.swift in Sources */,
			);
			runOnlyForDeploymentPostprocessing = 0;
		};
/* End PBXSourcesBuildPhase section */

/* Begin PBXTargetDependency section */
		A4F89B0F1DA806C900949A35 /* PBXTargetDependency */ = {
			isa = PBXTargetDependency;
			target = A4F89AF81DA806C900949A35 /* OhMyBox */;
			targetProxy = A4F89B0E1DA806C900949A35 /* PBXContainerItemProxy */;
		};
/* End PBXTargetDependency section */

/* Begin PBXVariantGroup section */
		A4F89B001DA806C900949A35 /* Main.storyboard */ = {
			isa = PBXVariantGroup;
			children = (
				A4F89B011DA806C900949A35 /* Base */,
			);
			name = Main.storyboard;
			sourceTree = "<group>";
		};
		A4F89B051DA806C900949A35 /* LaunchScreen.storyboard */ = {
			isa = PBXVariantGroup;
			children = (
				A4F89B061DA806C900949A35 /* Base */,
			);
			name = LaunchScreen.storyboard;
			sourceTree = "<group>";
		};
/* End PBXVariantGroup section */

/* Begin XCBuildConfiguration section */
		A4F89B141DA806C900949A35 /* Debug */ = {
			isa = XCBuildConfiguration;
			buildSettings = {
				ALWAYS_SEARCH_USER_PATHS = NO;
				CLANG_ANALYZER_NONNULL = YES;
				CLANG_CXX_LANGUAGE_STANDARD = "gnu++0x";
				CLANG_CXX_LIBRARY = "libc++";
				CLANG_ENABLE_MODULES = YES;
				CLANG_ENABLE_OBJC_ARC = YES;
				CLANG_WARN_BOOL_CONVERSION = YES;
				CLANG_WARN_CONSTANT_CONVERSION = YES;
				CLANG_WARN_DIRECT_OBJC_ISA_USAGE = YES_ERROR;
				CLANG_WARN_DOCUMENTATION_COMMENTS = YES;
				CLANG_WARN_EMPTY_BODY = YES;
				CLANG_WARN_ENUM_CONVERSION = YES;
				CLANG_WARN_INFINITE_RECURSION = YES;
				CLANG_WARN_INT_CONVERSION = YES;
				CLANG_WARN_OBJC_ROOT_CLASS = YES_ERROR;
				CLANG_WARN_SUSPICIOUS_MOVE = YES;
				CLANG_WARN_SUSPICIOUS_MOVES = YES;
				CLANG_WARN_UNREACHABLE_CODE = YES;
				CLANG_WARN__DUPLICATE_METHOD_MATCH = YES;
				"CODE_SIGN_IDENTITY[sdk=iphoneos*]" = "iPhone Developer";
				COPY_PHASE_STRIP = NO;
				DEBUG_INFORMATION_FORMAT = dwarf;
				ENABLE_STRICT_OBJC_MSGSEND = YES;
				ENABLE_TESTABILITY = YES;
				GCC_C_LANGUAGE_STANDARD = gnu99;
				GCC_DYNAMIC_NO_PIC = NO;
				GCC_NO_COMMON_BLOCKS = YES;
				GCC_OPTIMIZATION_LEVEL = 0;
				GCC_PREPROCESSOR_DEFINITIONS = (
					"DEBUG=1",
					"$(inherited)",
				);
				GCC_WARN_64_TO_32_BIT_CONVERSION = YES;
				GCC_WARN_ABOUT_RETURN_TYPE = YES_ERROR;
				GCC_WARN_UNDECLARED_SELECTOR = YES;
				GCC_WARN_UNINITIALIZED_AUTOS = YES_AGGRESSIVE;
				GCC_WARN_UNUSED_FUNCTION = YES;
				GCC_WARN_UNUSED_VARIABLE = YES;
				IPHONEOS_DEPLOYMENT_TARGET = 10.0;
				MTL_ENABLE_DEBUG_INFO = YES;
				ONLY_ACTIVE_ARCH = YES;
				SDKROOT = iphoneos;
				SWIFT_ACTIVE_COMPILATION_CONDITIONS = DEBUG;
				SWIFT_OPTIMIZATION_LEVEL = "-Onone";
				TARGETED_DEVICE_FAMILY = "1,2";
			};
			name = Debug;
		};
		A4F89B151DA806C900949A35 /* Release */ = {
			isa = XCBuildConfiguration;
			buildSettings = {
				ALWAYS_SEARCH_USER_PATHS = NO;
				CLANG_ANALYZER_NONNULL = YES;
				CLANG_CXX_LANGUAGE_STANDARD = "gnu++0x";
				CLANG_CXX_LIBRARY = "libc++";
				CLANG_ENABLE_MODULES = YES;
				CLANG_ENABLE_OBJC_ARC = YES;
				CLANG_WARN_BOOL_CONVERSION = YES;
				CLANG_WARN_CONSTANT_CONVERSION = YES;
				CLANG_WARN_DIRECT_OBJC_ISA_USAGE = YES_ERROR;
				CLANG_WARN_DOCUMENTATION_COMMENTS = YES;
				CLANG_WARN_EMPTY_BODY = YES;
				CLANG_WARN_ENUM_CONVERSION = YES;
				CLANG_WARN_INFINITE_RECURSION = YES;
				CLANG_WARN_INT_CONVERSION = YES;
				CLANG_WARN_OBJC_ROOT_CLASS = YES_ERROR;
				CLANG_WARN_SUSPICIOUS_MOVE = YES;
				CLANG_WARN_SUSPICIOUS_MOVES = YES;
				CLANG_WARN_UNREACHABLE_CODE = YES;
				CLANG_WARN__DUPLICATE_METHOD_MATCH = YES;
				"CODE_SIGN_IDENTITY[sdk=iphoneos*]" = "iPhone Developer";
				COPY_PHASE_STRIP = NO;
				DEBUG_INFORMATION_FORMAT = "dwarf-with-dsym";
				ENABLE_NS_ASSERTIONS = NO;
				ENABLE_STRICT_OBJC_MSGSEND = YES;
				GCC_C_LANGUAGE_STANDARD = gnu99;
				GCC_NO_COMMON_BLOCKS = YES;
				GCC_WARN_64_TO_32_BIT_CONVERSION = YES;
				GCC_WARN_ABOUT_RETURN_TYPE = YES_ERROR;
				GCC_WARN_UNDECLARED_SELECTOR = YES;
				GCC_WARN_UNINITIALIZED_AUTOS = YES_AGGRESSIVE;
				GCC_WARN_UNUSED_FUNCTION = YES;
				GCC_WARN_UNUSED_VARIABLE = YES;
				IPHONEOS_DEPLOYMENT_TARGET = 10.0;
				MTL_ENABLE_DEBUG_INFO = NO;
				SDKROOT = iphoneos;
				SWIFT_OPTIMIZATION_LEVEL = "-Owholemodule";
				TARGETED_DEVICE_FAMILY = "1,2";
				VALIDATE_PRODUCT = YES;
			};
			name = Release;
		};
		A4F89B171DA806C900949A35 /* Debug */ = {
			isa = XCBuildConfiguration;
			baseConfigurationReference = 844DEEFA5B25952F098D285F /* Pods-OhMyBox.debug.xcconfig */;
			buildSettings = {
				ASSETCATALOG_COMPILER_APPICON_NAME = AppIcon;
				CODE_SIGN_IDENTITY = "iPhone Developer";
				"CODE_SIGN_IDENTITY[sdk=iphoneos*]" = "iPhone Developer";
				CURRENT_PROJECT_VERSION = 29;
				DEBUG_INFORMATION_FORMAT = "dwarf-with-dsym";
				DEVELOPMENT_TEAM = "";
				INFOPLIST_FILE = OhMyBox/Info.plist;
				LD_RUNPATH_SEARCH_PATHS = "$(inherited) @executable_path/Frameworks";
				OTHER_SWIFT_FLAGS = "";
				PRODUCT_BUNDLE_IDENTIFIER = com.Lab262.OhMyBox;
				PRODUCT_NAME = "$(TARGET_NAME)";
				PROVISIONING_PROFILE = "";
				PROVISIONING_PROFILE_SPECIFIER = "";
				SWIFT_VERSION = 3.0;
			};
			name = Debug;
		};
		A4F89B181DA806C900949A35 /* Release */ = {
			isa = XCBuildConfiguration;
			baseConfigurationReference = F0638DD2A71804F738F3D544 /* Pods-OhMyBox.release.xcconfig */;
			buildSettings = {
				ASSETCATALOG_COMPILER_APPICON_NAME = AppIcon;
				CODE_SIGN_IDENTITY = "iPhone Distribution";
				"CODE_SIGN_IDENTITY[sdk=iphoneos*]" = "iPhone Developer";
				CURRENT_PROJECT_VERSION = 29;
				DEVELOPMENT_TEAM = "";
				INFOPLIST_FILE = OhMyBox/Info.plist;
				LD_RUNPATH_SEARCH_PATHS = "$(inherited) @executable_path/Frameworks";
				OTHER_SWIFT_FLAGS = "";
				PRODUCT_BUNDLE_IDENTIFIER = com.Lab262.OhMyBox;
				PRODUCT_NAME = "$(TARGET_NAME)";
				PROVISIONING_PROFILE = "";
				PROVISIONING_PROFILE_SPECIFIER = "";
				SWIFT_ACTIVE_COMPILATION_CONDITIONS = "";
				SWIFT_VERSION = 3.0;
			};
			name = Release;
		};
		A4F89B1A1DA806C900949A35 /* Debug */ = {
			isa = XCBuildConfiguration;
			baseConfigurationReference = C147AE5E093A83F7A00015C8 /* Pods-OhMyBoxTests.debug.xcconfig */;
			buildSettings = {
				ALWAYS_EMBED_SWIFT_STANDARD_LIBRARIES = YES;
				BUNDLE_LOADER = "$(TEST_HOST)";
				INFOPLIST_FILE = OhMyBoxTests/Info.plist;
				LD_RUNPATH_SEARCH_PATHS = "$(inherited) @executable_path/Frameworks @loader_path/Frameworks";
				PRODUCT_BUNDLE_IDENTIFIER = Lab262.OhMyBoxTests;
				PRODUCT_NAME = "$(TARGET_NAME)";
				SWIFT_VERSION = 3.0;
				TEST_HOST = "$(BUILT_PRODUCTS_DIR)/OhMyBox.app/OhMyBox";
			};
			name = Debug;
		};
		A4F89B1B1DA806C900949A35 /* Release */ = {
			isa = XCBuildConfiguration;
			baseConfigurationReference = 593CC679AF27F8876E27C4DF /* Pods-OhMyBoxTests.release.xcconfig */;
			buildSettings = {
				ALWAYS_EMBED_SWIFT_STANDARD_LIBRARIES = YES;
				BUNDLE_LOADER = "$(TEST_HOST)";
				INFOPLIST_FILE = OhMyBoxTests/Info.plist;
				LD_RUNPATH_SEARCH_PATHS = "$(inherited) @executable_path/Frameworks @loader_path/Frameworks";
				PRODUCT_BUNDLE_IDENTIFIER = Lab262.OhMyBoxTests;
				PRODUCT_NAME = "$(TARGET_NAME)";
				SWIFT_VERSION = 3.0;
				TEST_HOST = "$(BUILT_PRODUCTS_DIR)/OhMyBox.app/OhMyBox";
			};
			name = Release;
		};
/* End XCBuildConfiguration section */

/* Begin XCConfigurationList section */
		A4F89AF41DA806C900949A35 /* Build configuration list for PBXProject "OhMyBox" */ = {
			isa = XCConfigurationList;
			buildConfigurations = (
				A4F89B141DA806C900949A35 /* Debug */,
				A4F89B151DA806C900949A35 /* Release */,
			);
			defaultConfigurationIsVisible = 0;
			defaultConfigurationName = Release;
		};
		A4F89B161DA806C900949A35 /* Build configuration list for PBXNativeTarget "OhMyBox" */ = {
			isa = XCConfigurationList;
			buildConfigurations = (
				A4F89B171DA806C900949A35 /* Debug */,
				A4F89B181DA806C900949A35 /* Release */,
			);
			defaultConfigurationIsVisible = 0;
			defaultConfigurationName = Release;
		};
		A4F89B191DA806C900949A35 /* Build configuration list for PBXNativeTarget "OhMyBoxTests" */ = {
			isa = XCConfigurationList;
			buildConfigurations = (
				A4F89B1A1DA806C900949A35 /* Debug */,
				A4F89B1B1DA806C900949A35 /* Release */,
			);
			defaultConfigurationIsVisible = 0;
			defaultConfigurationName = Release;
		};
/* End XCConfigurationList section */
	};
	rootObject = A4F89AF11DA806C900949A35 /* Project object */;
}
