PODS:
  - AKMaskField (2.0.3)
  - Alamofire (4.0.0)
  - BGTableViewRowActionWithImage (0.3.6)
  - Bolts (1.8.4):
    - Bolts/AppLinks (= 1.8.4)
    - Bolts/Tasks (= 1.8.4)
  - Bolts/AppLinks (1.8.4):
    - Bolts/Tasks
  - Bolts/Tasks (1.8.4)
  - Crashlytics (3.8.3):
    - Fabric (~> 1.6.3)
  - Fabric (1.6.11)
  - FalconFrameworkIOSSDK (0.1.9):
    - Alamofire (= 4.0)
  - FBSDKCoreKit (4.20.2):
    - Bolts (~> 1.7)
  - FBSDKLoginKit (4.20.2):
    - FBSDKCoreKit
  - MoipEncryptSDK (1.0.2)
  - ObjectMapper (2.2.7)
  - Parse (1.14.2):
    - Bolts/Tasks (~> 1.8)
  - ParseFacebookUtilsV4 (1.11.1):
    - Bolts/Tasks (>= 1.6)
    - FBSDKCoreKit (~> 4.10)
    - FBSDKLoginKit (~> 4.10)
    - FBSDKTVOSKit (~> 4.10)
    - Parse (~> 1.12)
  - SnapKit (3.2.0)

DEPENDENCIES:
  - AKMaskField
  - BGTableViewRowActionWithImage
  - Crashlytics
  - Fabric
  - FalconFrameworkIOSSDK (from `https://gitlab.com/LAB262/FalconFrameworkIOSSDK.git`)
  - MoipEncryptSDK (~> 1.0)
  - ObjectMapper (~> 2.2)
  - Parse
  - ParseFacebookUtilsV4
  - SnapKit (~> 3.2.0)

EXTERNAL SOURCES:
  FalconFrameworkIOSSDK:
    :git: https://gitlab.com/LAB262/FalconFrameworkIOSSDK.git

CHECKOUT OPTIONS:
  FalconFrameworkIOSSDK:
    :commit: e3c936a7f5cc03981b7e23447af59a1b9c2b3511
    :git: https://gitlab.com/LAB262/FalconFrameworkIOSSDK.git

SPEC CHECKSUMS:
  AKMaskField: b6d147524813e62cd3f15475fa2200ce7a3d2620
  Alamofire: fef59f00388f267e52d9b432aa5d93dc97190f14
  BGTableViewRowActionWithImage: 3517276bcee26e559465bcca13151afc33ab6d2a
  Bolts: 8a7995239dbe724f9cba2248b766d48b7ebdd322
  Crashlytics: 2b6dbe138a42395577cfa73dfa1aa7248cadf39e
  Fabric: 5911403591946b8228ab1c51d98f1d7137e863c6
  FalconFrameworkIOSSDK: 0815254993050a347e672c4a802b18add094fb43
  FBSDKCoreKit: 82eac696eb6157da5f4266c3a241f00e9bd72471
  FBSDKLoginKit: 2211bede07c83391349eacc1fd86cf6d9289ce38
  MoipEncryptSDK: 9fa62578715cde80c577a5fd1a88a979807d6d2d
  ObjectMapper: 65abcfd9a61cf7396cbd14a4fb22fddfcc46577e
  Parse: 4335d65f40cb3d43190d723144bbe1afb9c38230
  ParseFacebookUtilsV4: 2f30c2b7021c8005d3042781da7ef87d06589421
  SnapKit: 1ca44df72cfa543218d177cb8aab029d10d86ea7

PODFILE CHECKSUM: db40af73480081032eb262fd66b8cba1e919220a

COCOAPODS: 1.2.1
